
Microsoft Visual Studio Solution File, Format Version 12.00
# Visual Studio Version 16
VisualStudioVersion = 16.0.30413.136
MinimumVisualStudioVersion = 10.0.40219.1
Project("{8BC9CEB8-8B4A-11D0-8D11-00A0C91BC942}") = "Boiler", "Boiler\Boiler.vcxproj", "{DBF50FA9-959A-4E96-8517-BEAB52093509}"
EndProject
Project("{8BC9CEB8-8B4A-11D0-8D11-00A0C91BC942}") = "Driver", "Driver\Driver.vcxproj", "{B56A7893-37CE-4A0A-9037-759E5BACB426}"
EndProject
Global
	GlobalSection(SolutionConfigurationPlatforms) = preSolution
		Debug|x64 = Debug|x64
		Debug|x86 = Debug|x86
		Release|x64 = Release|x64
		Release|x86 = Release|x86
	EndGlobalSection
	GlobalSection(ProjectConfigurationPlatforms) = postSolution
		{DBF50FA9-959A-4E96-8517-BEAB52093509}.Debug|x64.ActiveCfg = Debug|x64
		{DBF50FA9-959A-4E96-8517-BEAB52093509}.Debug|x64.Build.0 = Debug|x64
		{DBF50FA9-959A-4E96-8517-BEAB52093509}.Debug|x86.ActiveCfg = Debug|Win32
		{DBF50FA9-959A-4E96-8517-BEAB52093509}.Debug|x86.Build.0 = Debug|Win32
		{DBF50FA9-959A-4E96-8517-BEAB52093509}.Release|x64.ActiveCfg = Release|x64
		{DBF50FA9-959A-4E96-8517-BEAB52093509}.Release|x64.Build.0 = Release|x64
		{DBF50FA9-959A-4E96-8517-BEAB52093509}.Release|x86.ActiveCfg = Release|Win32
		{DBF50FA9-959A-4E96-8517-BEAB52093509}.Release|x86.Build.0 = Release|Win32
		{B56A7893-37CE-4A0A-9037-759E5BACB426}.Debug|x64.ActiveCfg = Debug|x64
		{B56A7893-37CE-4A0A-9037-759E5BACB426}.Debug|x64.Build.0 = Debug|x64
		{B56A7893-37CE-4A0A-9037-759E5BACB426}.Debug|x86.ActiveCfg = Debug|Win32
		{B56A7893-37CE-4A0A-9037-759E5BACB426}.Debug|x86.Build.0 = Debug|Win32
		{B56A7893-37CE-4A0A-9037-759E5BACB426}.Release|x64.ActiveCfg = Release|x64
		{B56A7893-37CE-4A0A-9037-759E5BACB426}.Release|x64.Build.0 = Release|x64
		{B56A7893-37CE-4A0A-9037-759E5BACB426}.Release|x86.ActiveCfg = Release|Win32
		{B56A7893-37CE-4A0A-9037-759E5BACB426}.Release|x86.Build.0 = Release|Win32
	EndGlobalSection
	GlobalSection(SolutionProperties) = preSolution
		HideSolutionNode = FALSE
	EndGlobalSection
	GlobalSection(ExtensibilityGlobals) = postSolution
		SolutionGuid = {99C82D9E-EC92-4B5A-8A88-2FC2E7FD8D27}
	EndGlobalSection
EndGlobal
