
Microsoft Visual Studio Solution File, Format Version 12.00
# Visual Studio Version 16
VisualStudioVersion = 16.0.28803.352
MinimumVisualStudioVersion = 10.0.40219.1
Project("{8BC9CEB8-8B4A-11D0-8D11-00A0C91BC942}") = "Application", "Application\Application.vcxproj", "{E2006AEA-990F-4581-B233-B79B91B38D24}"
EndProject
Project("{2150E333-8FDC-42A3-9474-1A3956D46DE8}") = "Solution Items", "Solution Items", "{E8F2E3AF-4ED7-4415-AE9A-CD8F7E7053D9}"
	ProjectSection(SolutionItems) = preProject
		LuaScript.lua = LuaScript.lua
		TextFile1.txt = TextFile1.txt
	EndProjectSection
EndProject
Global
	GlobalSection(SolutionConfigurationPlatforms) = preSolution
		Debug|x64 = Debug|x64
		Debug|x86 = Debug|x86
		Release|x64 = Release|x64
		Release|x86 = Release|x86
	EndGlobalSection
	GlobalSection(ProjectConfigurationPlatforms) = postSolution
		{E2006AEA-990F-4581-B233-B79B91B38D24}.Debug|x64.ActiveCfg = Debug|x64
		{E2006AEA-990F-4581-B233-B79B91B38D24}.Debug|x64.Build.0 = Debug|x64
		{E2006AEA-990F-4581-B233-B79B91B38D24}.Debug|x86.ActiveCfg = Debug|Win32
		{E2006AEA-990F-4581-B233-B79B91B38D24}.Debug|x86.Build.0 = Debug|Win32
		{E2006AEA-990F-4581-B233-B79B91B38D24}.Release|x64.ActiveCfg = Release|x64
		{E2006AEA-990F-4581-B233-B79B91B38D24}.Release|x64.Build.0 = Release|x64
		{E2006AEA-990F-4581-B233-B79B91B38D24}.Release|x86.ActiveCfg = Release|Win32
		{E2006AEA-990F-4581-B233-B79B91B38D24}.Release|x86.Build.0 = Release|Win32
	EndGlobalSection
	GlobalSection(SolutionProperties) = preSolution
		HideSolutionNode = FALSE
	EndGlobalSection
	GlobalSection(ExtensibilityGlobals) = postSolution
		SolutionGuid = {F0179719-B2EA-48E4-82D8-8A953516F797}
	EndGlobalSection
EndGlobal
