
Microsoft Visual Studio Solution File, Format Version 12.00
# Visual Studio Version 16
VisualStudioVersion = 16.0.30413.136
MinimumVisualStudioVersion = 10.0.40219.1
Project("{8BC9CEB8-8B4A-11D0-8D11-00A0C91BC942}") = "PIMPL", "PIMPL\PIMPL.vcxproj", "{8206EB2E-7A16-452C-9BA2-54A3AE00E19A}"
EndProject
Project("{8BC9CEB8-8B4A-11D0-8D11-00A0C91BC942}") = "Queries", "Queries\Queries.vcxproj", "{95FE3C67-73F6-4E8E-9787-434A3BE2FEBE}"
EndProject
Project("{8BC9CEB8-8B4A-11D0-8D11-00A0C91BC942}") = "PizzaStoreRunner", "PizzaStoreRunner\PizzaStoreRunner.vcxproj", "{6E33BA4F-3AB8-443F-9129-9DA07FFFCB95}"
	ProjectSection(ProjectDependencies) = postProject
		{A6220B43-09C0-4E75-9EC5-4E1757021114} = {A6220B43-09C0-4E75-9EC5-4E1757021114}
		{34C4E08A-DD91-47BE-AC60-6DB0A9C861B7} = {34C4E08A-DD91-47BE-AC60-6DB0A9C861B7}
	EndProjectSection
EndProject
Project("{8BC9CEB8-8B4A-11D0-8D11-00A0C91BC942}") = "Pizza", "Pizza\Pizza.vcxproj", "{20902F2F-DC79-4CCD-A551-FA17BFCFE567}"
EndProject
Project("{8BC9CEB8-8B4A-11D0-8D11-00A0C91BC942}") = "ConcretePizzas", "ConcretePizzas\ConcretePizzas.vcxproj", "{34C4E08A-DD91-47BE-AC60-6DB0A9C861B7}"
EndProject
Project("{8BC9CEB8-8B4A-11D0-8D11-00A0C91BC942}") = "PizzaStoreInterface", "PizzaStoreInterface\PizzaStoreInterface.vcxproj", "{487A9CD5-2547-47FF-B5A9-5B95D9E801DA}"
EndProject
Project("{8BC9CEB8-8B4A-11D0-8D11-00A0C91BC942}") = "ConcretePizzaStores", "ConcretePizzaStores\ConcretePizzaStores.vcxproj", "{A6220B43-09C0-4E75-9EC5-4E1757021114}"
EndProject
Project("{8BC9CEB8-8B4A-11D0-8D11-00A0C91BC942}") = "PizzaIngredientFactoryInterface", "PizzaIngredientFactoryInterface\PizzaIngredientFactoryInterface.vcxproj", "{9ADFD73D-C1AF-4DF6-BEAE-741942ACECED}"
EndProject
Project("{8BC9CEB8-8B4A-11D0-8D11-00A0C91BC942}") = "PizzaIngredientInterfaces", "PizzaIngredientInterfaces\PizzaIngredientInterfaces.vcxproj", "{AFEFE879-842E-4677-8337-0749143061C0}"
EndProject
Project("{8BC9CEB8-8B4A-11D0-8D11-00A0C91BC942}") = "ConcretePizzaIngredientFactories", "ConcretePizzaIngredientFactories\ConcretePizzaIngredientFactories.vcxproj", "{FD947B30-6B5A-4859-920E-DBC44C1CCD83}"
EndProject
Project("{8BC9CEB8-8B4A-11D0-8D11-00A0C91BC942}") = "ConcretePizzaIngredients", "ConcretePizzaIngredients\ConcretePizzaIngredients.vcxproj", "{047A3B66-AF7B-41EB-85AD-81AD9A9EAF47}"
EndProject
Global
	GlobalSection(SolutionConfigurationPlatforms) = preSolution
		Debug|x64 = Debug|x64
		Debug|x86 = Debug|x86
		Release|x64 = Release|x64
		Release|x86 = Release|x86
	EndGlobalSection
	GlobalSection(ProjectConfigurationPlatforms) = postSolution
		{8206EB2E-7A16-452C-9BA2-54A3AE00E19A}.Debug|x64.ActiveCfg = Debug|x64
		{8206EB2E-7A16-452C-9BA2-54A3AE00E19A}.Debug|x64.Build.0 = Debug|x64
		{8206EB2E-7A16-452C-9BA2-54A3AE00E19A}.Debug|x86.ActiveCfg = Debug|Win32
		{8206EB2E-7A16-452C-9BA2-54A3AE00E19A}.Debug|x86.Build.0 = Debug|Win32
		{8206EB2E-7A16-452C-9BA2-54A3AE00E19A}.Release|x64.ActiveCfg = Release|x64
		{8206EB2E-7A16-452C-9BA2-54A3AE00E19A}.Release|x64.Build.0 = Release|x64
		{8206EB2E-7A16-452C-9BA2-54A3AE00E19A}.Release|x86.ActiveCfg = Release|Win32
		{8206EB2E-7A16-452C-9BA2-54A3AE00E19A}.Release|x86.Build.0 = Release|Win32
		{95FE3C67-73F6-4E8E-9787-434A3BE2FEBE}.Debug|x64.ActiveCfg = Debug|x64
		{95FE3C67-73F6-4E8E-9787-434A3BE2FEBE}.Debug|x64.Build.0 = Debug|x64
		{95FE3C67-73F6-4E8E-9787-434A3BE2FEBE}.Debug|x86.ActiveCfg = Debug|Win32
		{95FE3C67-73F6-4E8E-9787-434A3BE2FEBE}.Debug|x86.Build.0 = Debug|Win32
		{95FE3C67-73F6-4E8E-9787-434A3BE2FEBE}.Release|x64.ActiveCfg = Release|x64
		{95FE3C67-73F6-4E8E-9787-434A3BE2FEBE}.Release|x64.Build.0 = Release|x64
		{95FE3C67-73F6-4E8E-9787-434A3BE2FEBE}.Release|x86.ActiveCfg = Release|Win32
		{95FE3C67-73F6-4E8E-9787-434A3BE2FEBE}.Release|x86.Build.0 = Release|Win32
		{6E33BA4F-3AB8-443F-9129-9DA07FFFCB95}.Debug|x64.ActiveCfg = Debug|x64
		{6E33BA4F-3AB8-443F-9129-9DA07FFFCB95}.Debug|x64.Build.0 = Debug|x64
		{6E33BA4F-3AB8-443F-9129-9DA07FFFCB95}.Debug|x86.ActiveCfg = Debug|Win32
		{6E33BA4F-3AB8-443F-9129-9DA07FFFCB95}.Debug|x86.Build.0 = Debug|Win32
		{6E33BA4F-3AB8-443F-9129-9DA07FFFCB95}.Release|x64.ActiveCfg = Release|x64
		{6E33BA4F-3AB8-443F-9129-9DA07FFFCB95}.Release|x64.Build.0 = Release|x64
		{6E33BA4F-3AB8-443F-9129-9DA07FFFCB95}.Release|x86.ActiveCfg = Release|Win32
		{6E33BA4F-3AB8-443F-9129-9DA07FFFCB95}.Release|x86.Build.0 = Release|Win32
		{20902F2F-DC79-4CCD-A551-FA17BFCFE567}.Debug|x64.ActiveCfg = Debug|x64
		{20902F2F-DC79-4CCD-A551-FA17BFCFE567}.Debug|x64.Build.0 = Debug|x64
		{20902F2F-DC79-4CCD-A551-FA17BFCFE567}.Debug|x86.ActiveCfg = Debug|Win32
		{20902F2F-DC79-4CCD-A551-FA17BFCFE567}.Debug|x86.Build.0 = Debug|Win32
		{20902F2F-DC79-4CCD-A551-FA17BFCFE567}.Release|x64.ActiveCfg = Release|x64
		{20902F2F-DC79-4CCD-A551-FA17BFCFE567}.Release|x64.Build.0 = Release|x64
		{20902F2F-DC79-4CCD-A551-FA17BFCFE567}.Release|x86.ActiveCfg = Release|Win32
		{20902F2F-DC79-4CCD-A551-FA17BFCFE567}.Release|x86.Build.0 = Release|Win32
		{34C4E08A-DD91-47BE-AC60-6DB0A9C861B7}.Debug|x64.ActiveCfg = Debug|x64
		{34C4E08A-DD91-47BE-AC60-6DB0A9C861B7}.Debug|x64.Build.0 = Debug|x64
		{34C4E08A-DD91-47BE-AC60-6DB0A9C861B7}.Debug|x86.ActiveCfg = Debug|Win32
		{34C4E08A-DD91-47BE-AC60-6DB0A9C861B7}.Debug|x86.Build.0 = Debug|Win32
		{34C4E08A-DD91-47BE-AC60-6DB0A9C861B7}.Release|x64.ActiveCfg = Release|x64
		{34C4E08A-DD91-47BE-AC60-6DB0A9C861B7}.Release|x64.Build.0 = Release|x64
		{34C4E08A-DD91-47BE-AC60-6DB0A9C861B7}.Release|x86.ActiveCfg = Release|Win32
		{34C4E08A-DD91-47BE-AC60-6DB0A9C861B7}.Release|x86.Build.0 = Release|Win32
		{487A9CD5-2547-47FF-B5A9-5B95D9E801DA}.Debug|x64.ActiveCfg = Debug|x64
		{487A9CD5-2547-47FF-B5A9-5B95D9E801DA}.Debug|x64.Build.0 = Debug|x64
		{487A9CD5-2547-47FF-B5A9-5B95D9E801DA}.Debug|x86.ActiveCfg = Debug|Win32
		{487A9CD5-2547-47FF-B5A9-5B95D9E801DA}.Debug|x86.Build.0 = Debug|Win32
		{487A9CD5-2547-47FF-B5A9-5B95D9E801DA}.Release|x64.ActiveCfg = Release|x64
		{487A9CD5-2547-47FF-B5A9-5B95D9E801DA}.Release|x64.Build.0 = Release|x64
		{487A9CD5-2547-47FF-B5A9-5B95D9E801DA}.Release|x86.ActiveCfg = Release|Win32
		{487A9CD5-2547-47FF-B5A9-5B95D9E801DA}.Release|x86.Build.0 = Release|Win32
		{A6220B43-09C0-4E75-9EC5-4E1757021114}.Debug|x64.ActiveCfg = Debug|x64
		{A6220B43-09C0-4E75-9EC5-4E1757021114}.Debug|x64.Build.0 = Debug|x64
		{A6220B43-09C0-4E75-9EC5-4E1757021114}.Debug|x86.ActiveCfg = Debug|Win32
		{A6220B43-09C0-4E75-9EC5-4E1757021114}.Debug|x86.Build.0 = Debug|Win32
		{A6220B43-09C0-4E75-9EC5-4E1757021114}.Release|x64.ActiveCfg = Release|x64
		{A6220B43-09C0-4E75-9EC5-4E1757021114}.Release|x64.Build.0 = Release|x64
		{A6220B43-09C0-4E75-9EC5-4E1757021114}.Release|x86.ActiveCfg = Release|Win32
		{A6220B43-09C0-4E75-9EC5-4E1757021114}.Release|x86.Build.0 = Release|Win32
		{9ADFD73D-C1AF-4DF6-BEAE-741942ACECED}.Debug|x64.ActiveCfg = Debug|x64
		{9ADFD73D-C1AF-4DF6-BEAE-741942ACECED}.Debug|x64.Build.0 = Debug|x64
		{9ADFD73D-C1AF-4DF6-BEAE-741942ACECED}.Debug|x86.ActiveCfg = Debug|Win32
		{9ADFD73D-C1AF-4DF6-BEAE-741942ACECED}.Debug|x86.Build.0 = Debug|Win32
		{9ADFD73D-C1AF-4DF6-BEAE-741942ACECED}.Release|x64.ActiveCfg = Release|x64
		{9ADFD73D-C1AF-4DF6-BEAE-741942ACECED}.Release|x64.Build.0 = Release|x64
		{9ADFD73D-C1AF-4DF6-BEAE-741942ACECED}.Release|x86.ActiveCfg = Release|Win32
		{9ADFD73D-C1AF-4DF6-BEAE-741942ACECED}.Release|x86.Build.0 = Release|Win32
		{AFEFE879-842E-4677-8337-0749143061C0}.Debug|x64.ActiveCfg = Debug|x64
		{AFEFE879-842E-4677-8337-0749143061C0}.Debug|x64.Build.0 = Debug|x64
		{AFEFE879-842E-4677-8337-0749143061C0}.Debug|x86.ActiveCfg = Debug|Win32
		{AFEFE879-842E-4677-8337-0749143061C0}.Debug|x86.Build.0 = Debug|Win32
		{AFEFE879-842E-4677-8337-0749143061C0}.Release|x64.ActiveCfg = Release|x64
		{AFEFE879-842E-4677-8337-0749143061C0}.Release|x64.Build.0 = Release|x64
		{AFEFE879-842E-4677-8337-0749143061C0}.Release|x86.ActiveCfg = Release|Win32
		{AFEFE879-842E-4677-8337-0749143061C0}.Release|x86.Build.0 = Release|Win32
		{FD947B30-6B5A-4859-920E-DBC44C1CCD83}.Debug|x64.ActiveCfg = Debug|x64
		{FD947B30-6B5A-4859-920E-DBC44C1CCD83}.Debug|x64.Build.0 = Debug|x64
		{FD947B30-6B5A-4859-920E-DBC44C1CCD83}.Debug|x86.ActiveCfg = Debug|Win32
		{FD947B30-6B5A-4859-920E-DBC44C1CCD83}.Debug|x86.Build.0 = Debug|Win32
		{FD947B30-6B5A-4859-920E-DBC44C1CCD83}.Release|x64.ActiveCfg = Release|x64
		{FD947B30-6B5A-4859-920E-DBC44C1CCD83}.Release|x64.Build.0 = Release|x64
		{FD947B30-6B5A-4859-920E-DBC44C1CCD83}.Release|x86.ActiveCfg = Release|Win32
		{FD947B30-6B5A-4859-920E-DBC44C1CCD83}.Release|x86.Build.0 = Release|Win32
		{047A3B66-AF7B-41EB-85AD-81AD9A9EAF47}.Debug|x64.ActiveCfg = Debug|x64
		{047A3B66-AF7B-41EB-85AD-81AD9A9EAF47}.Debug|x64.Build.0 = Debug|x64
		{047A3B66-AF7B-41EB-85AD-81AD9A9EAF47}.Debug|x86.ActiveCfg = Debug|Win32
		{047A3B66-AF7B-41EB-85AD-81AD9A9EAF47}.Debug|x86.Build.0 = Debug|Win32
		{047A3B66-AF7B-41EB-85AD-81AD9A9EAF47}.Release|x64.ActiveCfg = Release|x64
		{047A3B66-AF7B-41EB-85AD-81AD9A9EAF47}.Release|x64.Build.0 = Release|x64
		{047A3B66-AF7B-41EB-85AD-81AD9A9EAF47}.Release|x86.ActiveCfg = Release|Win32
		{047A3B66-AF7B-41EB-85AD-81AD9A9EAF47}.Release|x86.Build.0 = Release|Win32
	EndGlobalSection
	GlobalSection(SolutionProperties) = preSolution
		HideSolutionNode = FALSE
	EndGlobalSection
	GlobalSection(ExtensibilityGlobals) = postSolution
		SolutionGuid = {8E1D57B5-0C23-4EBB-AFED-D284DE3DDBF3}
	EndGlobalSection
EndGlobal
