
Microsoft Visual Studio Solution File, Format Version 12.00
# Visual Studio 15
VisualStudioVersion = 15.0.28307.271
MinimumVisualStudioVersion = 10.0.40219.1
Project("{8BC9CEB8-8B4A-11D0-8D11-00A0C91BC942}") = "PIMPL", "PIMPL\PIMPL.vcxproj", "{8206EB2E-7A16-452C-9BA2-54A3AE00E19A}"
EndProject
Project("{8BC9CEB8-8B4A-11D0-8D11-00A0C91BC942}") = "Queries", "Queries\Queries.vcxproj", "{95FE3C67-73F6-4E8E-9787-434A3BE2FEBE}"
EndProject
Global
	GlobalSection(SolutionConfigurationPlatforms) = preSolution
		Debug|x64 = Debug|x64
		Debug|x86 = Debug|x86
		Release|x64 = Release|x64
		Release|x86 = Release|x86
	EndGlobalSection
	GlobalSection(ProjectConfigurationPlatforms) = postSolution
		{8206EB2E-7A16-452C-9BA2-54A3AE00E19A}.Debug|x64.ActiveCfg = Debug|x64
		{8206EB2E-7A16-452C-9BA2-54A3AE00E19A}.Debug|x64.Build.0 = Debug|x64
		{8206EB2E-7A16-452C-9BA2-54A3AE00E19A}.Debug|x86.ActiveCfg = Debug|Win32
		{8206EB2E-7A16-452C-9BA2-54A3AE00E19A}.Debug|x86.Build.0 = Debug|Win32
		{8206EB2E-7A16-452C-9BA2-54A3AE00E19A}.Release|x64.ActiveCfg = Release|x64
		{8206EB2E-7A16-452C-9BA2-54A3AE00E19A}.Release|x64.Build.0 = Release|x64
		{8206EB2E-7A16-452C-9BA2-54A3AE00E19A}.Release|x86.ActiveCfg = Release|Win32
		{8206EB2E-7A16-452C-9BA2-54A3AE00E19A}.Release|x86.Build.0 = Release|Win32
		{95FE3C67-73F6-4E8E-9787-434A3BE2FEBE}.Debug|x64.ActiveCfg = Debug|x64
		{95FE3C67-73F6-4E8E-9787-434A3BE2FEBE}.Debug|x64.Build.0 = Debug|x64
		{95FE3C67-73F6-4E8E-9787-434A3BE2FEBE}.Debug|x86.ActiveCfg = Debug|Win32
		{95FE3C67-73F6-4E8E-9787-434A3BE2FEBE}.Debug|x86.Build.0 = Debug|Win32
		{95FE3C67-73F6-4E8E-9787-434A3BE2FEBE}.Release|x64.ActiveCfg = Release|x64
		{95FE3C67-73F6-4E8E-9787-434A3BE2FEBE}.Release|x64.Build.0 = Release|x64
		{95FE3C67-73F6-4E8E-9787-434A3BE2FEBE}.Release|x86.ActiveCfg = Release|Win32
		{95FE3C67-73F6-4E8E-9787-434A3BE2FEBE}.Release|x86.Build.0 = Release|Win32
	EndGlobalSection
	GlobalSection(SolutionProperties) = preSolution
		HideSolutionNode = FALSE
	EndGlobalSection
	GlobalSection(ExtensibilityGlobals) = postSolution
		SolutionGuid = {8E1D57B5-0C23-4EBB-AFED-D284DE3DDBF3}
	EndGlobalSection
EndGlobal
